<?xml version="1.0" encoding="utf-8"?>
<Project ToolsVersion="4.0" xmlns="http://schemas.microsoft.com/developer/msbuild/2003">
  <ItemGroup>
    <Filter Include="Source Files">
      <UniqueIdentifier>{6efa5093-bbc2-4ce3-acd8-a1e8155e1589}</UniqueIdentifier>
      <Extensions>cpp;c;cxx;rc;def;r;odl;idl;hpj;bat</Extensions>
    </Filter>
    <Filter Include="Header Files">
      <UniqueIdentifier>{4530c51e-bbc2-4633-a69d-3815447ecdc8}</UniqueIdentifier>
      <Extensions>h;hpp;hxx;hm;inl</Extensions>
    </Filter>
    <Filter Include="Resource Files">
      <UniqueIdentifier>{77b345f3-24df-4710-b4b3-b53ca8d7573d}</UniqueIdentifier>
      <Extensions>ico;cur;bmp;dlg;rc2;rct;bin;rgs;gif;jpg;jpeg;jpe</Extensions>
    </Filter>
  </ItemGroup>
  <ItemGroup>
    <ClInclude Include="io.h">
      <Filter>Header Files</Filter>
    </ClInclude>
    <ClInclude Include="mystruct.h">
      <Filter>Header Files</Filter>
    </ClInclude>
  </ItemGroup>
  <ItemGroup>
    <CustomBuild Include="atu.bmp">
      <Filter>Resource Files</Filter>
    </CustomBuild>
    <CustomBuild Include="bitmap2.bmp">
      <Filter>Resource Files</Filter>
    </CustomBuild>
    <CustomBuild Include="icon4.ico">
      <Filter>Resource Files</Filter>
    </CustomBuild>
    <CustomBuild Include="icon5.ico">
      <Filter>Resource Files</Filter>
    </CustomBuild>
    <CustomBuild Include="iconka.ico">
      <Filter>Resource Files</Filter>
    </CustomBuild>
    <CustomBuild Include="LZ1ABC.bmp">
      <Filter>Resource Files</Filter>
    </CustomBuild>
  </ItemGroup>
  <ItemGroup>
    <ResourceCompile Include="iconka.rc">
      <Filter>Source Files</Filter>
    </ResourceCompile>
  </ItemGroup>
  <ItemGroup>
    <ClCompile Include="IO.C">
      <Filter>Source Files</Filter>
    </ClCompile>
    <ClCompile Include="RELAY.C">
      <Filter>Source Files</Filter>
    </ClCompile>
    <ClCompile Include="Swr.c">
      <Filter>Source Files</Filter>
    </ClCompile>
    <ClCompile Include="TIMER.C">
      <Filter>Source Files</Filter>
    </ClCompile>
    <ClCompile Include="Icom.c">
      <Filter>Source Files</Filter>
    </ClCompile>
    <ClCompile Include="Asdf.c">
      <Filter>Source Files</Filter>
    </ClCompile>
  </ItemGroup>
</Project>